
Microsoft Visual Studio Solution File, Format Version 12.00
# Visual Studio 15
VisualStudioVersion = 15.0.27004.2005
MinimumVisualStudioVersion = 10.0.40219.1
Project("{FAE04EC0-301F-11D3-BF4B-00C04F79EFBC}") = "SecondTry", "SecondTry\SecondTry.csproj", "{4BB15A83-08C9-4358-B9EF-9F9335B888F5}"
EndProject
Global
	GlobalSection(SolutionConfigurationPlatforms) = preSolution
		Debug|Any CPU = Debug|Any CPU
		Release|Any CPU = Release|Any CPU
	EndGlobalSection
	GlobalSection(ProjectConfigurationPlatforms) = postSolution
		{4BB15A83-08C9-4358-B9EF-9F9335B888F5}.Debug|Any CPU.ActiveCfg = Debug|Any CPU
		{4BB15A83-08C9-4358-B9EF-9F9335B888F5}.Debug|Any CPU.Build.0 = Debug|Any CPU
		{4BB15A83-08C9-4358-B9EF-9F9335B888F5}.Release|Any CPU.ActiveCfg = Release|Any CPU
		{4BB15A83-08C9-4358-B9EF-9F9335B888F5}.Release|Any CPU.Build.0 = Release|Any CPU
	EndGlobalSection
	GlobalSection(SolutionProperties) = preSolution
		HideSolutionNode = FALSE
	EndGlobalSection
	GlobalSection(ExtensibilityGlobals) = postSolution
		SolutionGuid = {1D044649-5DC1-4277-A89F-BF086FD211AF}
	EndGlobalSection
EndGlobal
